
Microsoft Visual Studio Solution File, Format Version 12.00
# Visual Studio 14
VisualStudioVersion = 14.0.25420.1
MinimumVisualStudioVersion = 10.0.40219.1
Project("{FAE04EC0-301F-11D3-BF4B-00C04F79EFBC}") = "MakeJsonData", "MakeJsonData\MakeJsonData.csproj", "{6FAEC739-D361-4BAB-B999-DB492B2621A2}"
EndProject
Project("{FAE04EC0-301F-11D3-BF4B-00C04F79EFBC}") = "EveMarketForUcoz", "EveMarketForUcoz\EveMarketForUcoz.csproj", "{6A076FB2-FFD5-49E8-AA91-685191087D59}"
EndProject
Project("{9092AA53-FB77-4645-B42D-1CCCA6BD08BD}") = "EveMarketReact", "EveMarketReact\EveMarketReact.njsproj", "{29E5B4C7-9BB7-4B39-82F1-1E3B4440E24B}"
EndProject
Global
	GlobalSection(SolutionConfigurationPlatforms) = preSolution
		Debug|Any CPU = Debug|Any CPU
		Release|Any CPU = Release|Any CPU
	EndGlobalSection
	GlobalSection(ProjectConfigurationPlatforms) = postSolution
		{6FAEC739-D361-4BAB-B999-DB492B2621A2}.Debug|Any CPU.ActiveCfg = Debug|Any CPU
		{6FAEC739-D361-4BAB-B999-DB492B2621A2}.Debug|Any CPU.Build.0 = Debug|Any CPU
		{6FAEC739-D361-4BAB-B999-DB492B2621A2}.Release|Any CPU.ActiveCfg = Release|Any CPU
		{6FAEC739-D361-4BAB-B999-DB492B2621A2}.Release|Any CPU.Build.0 = Release|Any CPU
		{6A076FB2-FFD5-49E8-AA91-685191087D59}.Debug|Any CPU.ActiveCfg = Debug|Any CPU
		{6A076FB2-FFD5-49E8-AA91-685191087D59}.Debug|Any CPU.Build.0 = Debug|Any CPU
		{6A076FB2-FFD5-49E8-AA91-685191087D59}.Release|Any CPU.ActiveCfg = Release|Any CPU
		{6A076FB2-FFD5-49E8-AA91-685191087D59}.Release|Any CPU.Build.0 = Release|Any CPU
		{29E5B4C7-9BB7-4B39-82F1-1E3B4440E24B}.Debug|Any CPU.ActiveCfg = Debug|Any CPU
		{29E5B4C7-9BB7-4B39-82F1-1E3B4440E24B}.Debug|Any CPU.Build.0 = Debug|Any CPU
		{29E5B4C7-9BB7-4B39-82F1-1E3B4440E24B}.Release|Any CPU.ActiveCfg = Release|Any CPU
		{29E5B4C7-9BB7-4B39-82F1-1E3B4440E24B}.Release|Any CPU.Build.0 = Release|Any CPU
	EndGlobalSection
	GlobalSection(SolutionProperties) = preSolution
		HideSolutionNode = FALSE
	EndGlobalSection
EndGlobal
